// !$*UTF8*$!
{
	archiveVersion = 1;
	classes = {
	};
	objectVersion = 77;
	objects = {

/* Begin PBXBuildFile section */
		19088E461365CC96EAC0066A /* ManifoldKit in Frameworks */ = {isa = PBXBuildFile; productRef = 296DE89C73F58634AB1F14F0 /* ManifoldKit */; };
		323F9DBE358E95A003E0C323 /* ManifoldLlama in Frameworks */ = {isa = PBXBuildFile; productRef = AE5931EA7BDD8C733B72570D /* ManifoldLlama */; };
		33BEAF0746170FB7977D1EC5 /* LocalInferenceExampleLlamaApp.swift in Sources */ = {isa = PBXBuildFile; fileRef = 91F67C4C82A9A3A531273A92 /* LocalInferenceExampleLlamaApp.swift */; };
		4D3C850706E8802F450F8C26 /* MinimalExampleApp.swift in Sources */ = {isa = PBXBuildFile; fileRef = 9AB628E8A481CA1CF863A5DF /* MinimalExampleApp.swift */; };
		4EBEBAC08E9EE08238D3BB85 /* ManifoldKit in Frameworks */ = {isa = PBXBuildFile; productRef = 07C9B8F142E9995C1EF08253 /* ManifoldKit */; };
		7780D8EEA252959B613916F4 /* ManifoldMLX in Frameworks */ = {isa = PBXBuildFile; productRef = 6786E6F525BE27104AF55B65 /* ManifoldMLX */; };
		7B9F3F421C1B1E10A5A064EC /* LocalInferenceExampleMLXApp.swift in Sources */ = {isa = PBXBuildFile; fileRef = 7C39051B9A9010D46FF74D75 /* LocalInferenceExampleMLXApp.swift */; };
		887949644309FE2DF3B10B3B /* ManifoldUI in Frameworks */ = {isa = PBXBuildFile; productRef = 6C1F61587777E2E027258989 /* ManifoldUI */; };
		98509218DEE6BA99E087C18D /* ManifoldKit in Frameworks */ = {isa = PBXBuildFile; productRef = 6CECC027D599FFC52C710341 /* ManifoldKit */; };
		98C651ED0A18C4CABBAAEFF9 /* ManifoldKit in Frameworks */ = {isa = PBXBuildFile; productRef = 2DE637627C247348B85251CE /* ManifoldKit */; };
		AC054ED9C7CE70881CAF8B5A /* ManifoldUI in Frameworks */ = {isa = PBXBuildFile; productRef = B2AC4DF189F96757A85D15A9 /* ManifoldUI */; };
		BC168A0C475876BD4A4188A6 /* MinimalExampleApp.swift in Sources */ = {isa = PBXBuildFile; fileRef = 9AB628E8A481CA1CF863A5DF /* MinimalExampleApp.swift */; };
		C01CDA558D6A24BB8C3A252D /* README.md in Resources */ = {isa = PBXBuildFile; fileRef = B3806787FE090B303F615635 /* README.md */; };
		D6385FCBE3AC063A57048413 /* README.md in Resources */ = {isa = PBXBuildFile; fileRef = B3806787FE090B303F615635 /* README.md */; };
/* End PBXBuildFile section */

/* Begin PBXFileReference section */
		18F96B881C6C4A011E2F50F7 /* LocalInferenceExample_MLX.app */ = {isa = PBXFileReference; explicitFileType = wrapper.application; includeInIndex = 0; path = LocalInferenceExample_MLX.app; sourceTree = BUILT_PRODUCTS_DIR; };
		1C74D1FF18E0994E77683D4A /* MinimalExample.app */ = {isa = PBXFileReference; includeInIndex = 0; lastKnownFileType = wrapper.application; path = MinimalExample.app; sourceTree = BUILT_PRODUCTS_DIR; };
		5C41800E647F0DDB2BC0C50C /* LocalInferenceExample_Llama.app */ = {isa = PBXFileReference; explicitFileType = wrapper.application; includeInIndex = 0; path = LocalInferenceExample_Llama.app; sourceTree = BUILT_PRODUCTS_DIR; };
		7C39051B9A9010D46FF74D75 /* LocalInferenceExampleMLXApp.swift */ = {isa = PBXFileReference; lastKnownFileType = sourcecode.swift; path = LocalInferenceExampleMLXApp.swift; sourceTree = "<group>"; };
		88012A97C303F9C85A16B00C /* MinimalExample.app */ = {isa = PBXFileReference; explicitFileType = wrapper.application; includeInIndex = 0; path = MinimalExample.app; sourceTree = BUILT_PRODUCTS_DIR; };
		91F67C4C82A9A3A531273A92 /* LocalInferenceExampleLlamaApp.swift */ = {isa = PBXFileReference; lastKnownFileType = sourcecode.swift; path = LocalInferenceExampleLlamaApp.swift; sourceTree = "<group>"; };
		9AB628E8A481CA1CF863A5DF /* MinimalExampleApp.swift */ = {isa = PBXFileReference; lastKnownFileType = sourcecode.swift; path = MinimalExampleApp.swift; sourceTree = "<group>"; };
		B3806787FE090B303F615635 /* README.md */ = {isa = PBXFileReference; lastKnownFileType = net.daringfireball.markdown; path = README.md; sourceTree = "<group>"; };
		D1E1159CB70A62D1B9A6AE55 /* ManifoldKit */ = {isa = PBXFileReference; lastKnownFileType = folder; name = ManifoldKit; path = ManifoldKit; sourceTree = SOURCE_ROOT; };
/* End PBXFileReference section */

/* Begin PBXFrameworksBuildPhase section */
		47081B02BAD90930DF8C3B00 /* Frameworks */ = {
			isa = PBXFrameworksBuildPhase;
			buildActionMask = 2147483647;
			files = (
				19088E461365CC96EAC0066A /* ManifoldKit in Frameworks */,
				7780D8EEA252959B613916F4 /* ManifoldMLX in Frameworks */,
			);
			runOnlyForDeploymentPostprocessing = 0;
		};
		490FA3F59F50A5DA110D316C /* Frameworks */ = {
			isa = PBXFrameworksBuildPhase;
			buildActionMask = 2147483647;
			files = (
				98509218DEE6BA99E087C18D /* ManifoldKit in Frameworks */,
				887949644309FE2DF3B10B3B /* ManifoldUI in Frameworks */,
			);
			runOnlyForDeploymentPostprocessing = 0;
		};
		7C0753A2D9161088E61C0A12 /* Frameworks */ = {
			isa = PBXFrameworksBuildPhase;
			buildActionMask = 2147483647;
			files = (
				98C651ED0A18C4CABBAAEFF9 /* ManifoldKit in Frameworks */,
				323F9DBE358E95A003E0C323 /* ManifoldLlama in Frameworks */,
			);
			runOnlyForDeploymentPostprocessing = 0;
		};
		F202F90D5596CC461FCD2785 /* Frameworks */ = {
			isa = PBXFrameworksBuildPhase;
			buildActionMask = 2147483647;
			files = (
				4EBEBAC08E9EE08238D3BB85 /* ManifoldKit in Frameworks */,
				AC054ED9C7CE70881CAF8B5A /* ManifoldUI in Frameworks */,
			);
			runOnlyForDeploymentPostprocessing = 0;
		};
/* End PBXFrameworksBuildPhase section */

/* Begin PBXGroup section */
		497B212F402BE13398A3435D /* Packages */ = {
			isa = PBXGroup;
			children = (
				D1E1159CB70A62D1B9A6AE55 /* ManifoldKit */,
			);
			name = Packages;
			sourceTree = "<group>";
		};
		6418504C63680DBC41CEA2DA /* Llama */ = {
			isa = PBXGroup;
			children = (
				91F67C4C82A9A3A531273A92 /* LocalInferenceExampleLlamaApp.swift */,
			);
			name = Llama;
			path = LocalInferenceExample/Llama;
			sourceTree = "<group>";
		};
		75D9F8ED9BB1C49CF0434438 = {
			isa = PBXGroup;
			children = (
				6418504C63680DBC41CEA2DA /* Llama */,
				AA9704F2855B606C906769F9 /* MinimalExample */,
				D38AEAE64CA0422AC03F92D5 /* MLX */,
				497B212F402BE13398A3435D /* Packages */,
				D489A83B94DC1BD0D6D026F1 /* Products */,
			);
			sourceTree = "<group>";
		};
		AA9704F2855B606C906769F9 /* MinimalExample */ = {
			isa = PBXGroup;
			children = (
				9AB628E8A481CA1CF863A5DF /* MinimalExampleApp.swift */,
				B3806787FE090B303F615635 /* README.md */,
			);
			path = MinimalExample;
			sourceTree = "<group>";
		};
		D38AEAE64CA0422AC03F92D5 /* MLX */ = {
			isa = PBXGroup;
			children = (
				7C39051B9A9010D46FF74D75 /* LocalInferenceExampleMLXApp.swift */,
			);
			name = MLX;
			path = LocalInferenceExample/MLX;
			sourceTree = "<group>";
		};
		D489A83B94DC1BD0D6D026F1 /* Products */ = {
			isa = PBXGroup;
			children = (
				5C41800E647F0DDB2BC0C50C /* LocalInferenceExample_Llama.app */,
				18F96B881C6C4A011E2F50F7 /* LocalInferenceExample_MLX.app */,
				1C74D1FF18E0994E77683D4A /* MinimalExample.app */,
				88012A97C303F9C85A16B00C /* MinimalExample.app */,
			);
			name = Products;
			sourceTree = "<group>";
		};
/* End PBXGroup section */

/* Begin PBXNativeTarget section */
		21E45D852E2AFD9717AEA9DF /* LocalInferenceExample_Llama */ = {
			isa = PBXNativeTarget;
			buildConfigurationList = C77A64B9EB406302466CC887 /* Build configuration list for PBXNativeTarget "LocalInferenceExample_Llama" */;
			buildPhases = (
				EC80766452160B1966FED083 /* Sources */,
				7C0753A2D9161088E61C0A12 /* Frameworks */,
			);
			buildRules = (
			);
			dependencies = (
			);
			name = LocalInferenceExample_Llama;
			packageProductDependencies = (
				2DE637627C247348B85251CE /* ManifoldKit */,
				AE5931EA7BDD8C733B72570D /* ManifoldLlama */,
			);
			productName = LocalInferenceExample_Llama;
			productReference = 5C41800E647F0DDB2BC0C50C /* LocalInferenceExample_Llama.app */;
			productType = "com.apple.product-type.application";
		};
		CDBB1B8FBBECA1BC54EC3B56 /* LocalInferenceExample_MLX */ = {
			isa = PBXNativeTarget;
			buildConfigurationList = 6EEC8CD28E7AB61265B5D3B9 /* Build configuration list for PBXNativeTarget "LocalInferenceExample_MLX" */;
			buildPhases = (
				B2E412C3E2FBA35080095D4A /* Sources */,
				47081B02BAD90930DF8C3B00 /* Frameworks */,
			);
			buildRules = (
			);
			dependencies = (
			);
			name = LocalInferenceExample_MLX;
			packageProductDependencies = (
				296DE89C73F58634AB1F14F0 /* ManifoldKit */,
				6786E6F525BE27104AF55B65 /* ManifoldMLX */,
			);
			productName = LocalInferenceExample_MLX;
			productReference = 18F96B881C6C4A011E2F50F7 /* LocalInferenceExample_MLX.app */;
			productType = "com.apple.product-type.application";
		};
		E5E9FF4635E50D287E9E93BC /* MinimalExample_macOS */ = {
			isa = PBXNativeTarget;
			buildConfigurationList = 64DE611EB8F7EBB77610277B /* Build configuration list for PBXNativeTarget "MinimalExample_macOS" */;
			buildPhases = (
				94A243F9C0A6F7CD55EBEAED /* Sources */,
				7B14F2858724B2BF2909CC55 /* Resources */,
				F202F90D5596CC461FCD2785 /* Frameworks */,
			);
			buildRules = (
			);
			dependencies = (
			);
			name = MinimalExample_macOS;
			packageProductDependencies = (
				07C9B8F142E9995C1EF08253 /* ManifoldKit */,
				B2AC4DF189F96757A85D15A9 /* ManifoldUI */,
			);
			productName = MinimalExample_macOS;
			productReference = 88012A97C303F9C85A16B00C /* MinimalExample.app */;
			productType = "com.apple.product-type.application";
		};
		F4B070DBF9A547870F974788 /* MinimalExample_iOS */ = {
			isa = PBXNativeTarget;
			buildConfigurationList = 67AD25F81204ED003D86687F /* Build configuration list for PBXNativeTarget "MinimalExample_iOS" */;
			buildPhases = (
				810D69A1974E97E1931CDDDD /* Sources */,
				AB929D7FE5B0BEA63A4C5818 /* Resources */,
				490FA3F59F50A5DA110D316C /* Frameworks */,
			);
			buildRules = (
			);
			dependencies = (
			);
			name = MinimalExample_iOS;
			packageProductDependencies = (
				6CECC027D599FFC52C710341 /* ManifoldKit */,
				6C1F61587777E2E027258989 /* ManifoldUI */,
			);
			productName = MinimalExample_iOS;
			productReference = 1C74D1FF18E0994E77683D4A /* MinimalExample.app */;
			productType = "com.apple.product-type.application";
		};
/* End PBXNativeTarget section */

/* Begin PBXProject section */
		29EA20DB9507A059E8E168CF /* Project object */ = {
			isa = PBXProject;
			attributes = {
				BuildIndependentTargetsInParallel = YES;
				LastUpgradeCheck = 1600;
				TargetAttributes = {
				};
			};
			buildConfigurationList = D6FF3C6A4FAB5642753D744A /* Build configuration list for PBXProject "ManifoldExamples" */;
			developmentRegion = en;
			hasScannedForEncodings = 0;
			knownRegions = (
				Base,
				en,
			);
			mainGroup = 75D9F8ED9BB1C49CF0434438;
			minimizedProjectReferenceProxies = 1;
			packageReferences = (
				B1F9331173128ABA84FABC84 /* XCRemoteSwiftPackageReference "manifold-llama" */,
				66FB6CFCBD7FD0DC21E7CDE2 /* XCRemoteSwiftPackageReference "manifold-mlx" */,
				797C86244F6EAD8395524C47 /* XCLocalSwiftPackageReference "ManifoldKit" */,
			);
			preferredProjectObjectVersion = 77;
			productRefGroup = D489A83B94DC1BD0D6D026F1 /* Products */;
			projectDirPath = "";
			projectRoot = "";
			targets = (
				21E45D852E2AFD9717AEA9DF /* LocalInferenceExample_Llama */,
				CDBB1B8FBBECA1BC54EC3B56 /* LocalInferenceExample_MLX */,
				F4B070DBF9A547870F974788 /* MinimalExample_iOS */,
				E5E9FF4635E50D287E9E93BC /* MinimalExample_macOS */,
			);
		};
/* End PBXProject section */

/* Begin PBXResourcesBuildPhase section */
		7B14F2858724B2BF2909CC55 /* Resources */ = {
			isa = PBXResourcesBuildPhase;
			buildActionMask = 2147483647;
			files = (
				C01CDA558D6A24BB8C3A252D /* README.md in Resources */,
			);
			runOnlyForDeploymentPostprocessing = 0;
		};
		AB929D7FE5B0BEA63A4C5818 /* Resources */ = {
			isa = PBXResourcesBuildPhase;
			buildActionMask = 2147483647;
			files = (
				D6385FCBE3AC063A57048413 /* README.md in Resources */,
			);
			runOnlyForDeploymentPostprocessing = 0;
		};
/* End PBXResourcesBuildPhase section */

/* Begin PBXSourcesBuildPhase section */
		810D69A1974E97E1931CDDDD /* Sources */ = {
			isa = PBXSourcesBuildPhase;
			buildActionMask = 2147483647;
			files = (
				BC168A0C475876BD4A4188A6 /* MinimalExampleApp.swift in Sources */,
			);
			runOnlyForDeploymentPostprocessing = 0;
		};
		94A243F9C0A6F7CD55EBEAED /* Sources */ = {
			isa = PBXSourcesBuildPhase;
			buildActionMask = 2147483647;
			files = (
				4D3C850706E8802F450F8C26 /* MinimalExampleApp.swift in Sources */,
			);
			runOnlyForDeploymentPostprocessing = 0;
		};
		B2E412C3E2FBA35080095D4A /* Sources */ = {
			isa = PBXSourcesBuildPhase;
			buildActionMask = 2147483647;
			files = (
				7B9F3F421C1B1E10A5A064EC /* LocalInferenceExampleMLXApp.swift in Sources */,
			);
			runOnlyForDeploymentPostprocessing = 0;
		};
		EC80766452160B1966FED083 /* Sources */ = {
			isa = PBXSourcesBuildPhase;
			buildActionMask = 2147483647;
			files = (
				33BEAF0746170FB7977D1EC5 /* LocalInferenceExampleLlamaApp.swift in Sources */,
			);
			runOnlyForDeploymentPostprocessing = 0;
		};
/* End PBXSourcesBuildPhase section */

/* Begin XCBuildConfiguration section */
		32A1B0688AF9706DCB954677 /* Release */ = {
			isa = XCBuildConfiguration;
			buildSettings = {
				ALWAYS_SEARCH_USER_PATHS = NO;
				CLANG_ANALYZER_NONNULL = YES;
				CLANG_ANALYZER_NUMBER_OBJECT_CONVERSION = YES_AGGRESSIVE;
				CLANG_CXX_LANGUAGE_STANDARD = "gnu++14";
				CLANG_CXX_LIBRARY = "libc++";
				CLANG_ENABLE_MODULES = YES;
				CLANG_ENABLE_OBJC_ARC = YES;
				CLANG_ENABLE_OBJC_WEAK = YES;
				CLANG_WARN_BLOCK_CAPTURE_AUTORELEASING = YES;
				CLANG_WARN_BOOL_CONVERSION = YES;
				CLANG_WARN_COMMA = YES;
				CLANG_WARN_CONSTANT_CONVERSION = YES;
				CLANG_WARN_DEPRECATED_OBJC_IMPLEMENTATIONS = YES;
				CLANG_WARN_DIRECT_OBJC_ISA_USAGE = YES_ERROR;
				CLANG_WARN_DOCUMENTATION_COMMENTS = YES;
				CLANG_WARN_EMPTY_BODY = YES;
				CLANG_WARN_ENUM_CONVERSION = YES;
				CLANG_WARN_INFINITE_RECURSION = YES;
				CLANG_WARN_INT_CONVERSION = YES;
				CLANG_WARN_NON_LITERAL_NULL_CONVERSION = YES;
				CLANG_WARN_OBJC_IMPLICIT_RETAIN_SELF = YES;
				CLANG_WARN_OBJC_LITERAL_CONVERSION = YES;
				CLANG_WARN_OBJC_ROOT_CLASS = YES_ERROR;
				CLANG_WARN_QUOTED_INCLUDE_IN_FRAMEWORK_HEADER = YES;
				CLANG_WARN_RANGE_LOOP_ANALYSIS = YES;
				CLANG_WARN_STRICT_PROTOTYPES = YES;
				CLANG_WARN_SUSPICIOUS_MOVE = YES;
				CLANG_WARN_UNGUARDED_AVAILABILITY = YES_AGGRESSIVE;
				CLANG_WARN_UNREACHABLE_CODE = YES;
				CLANG_WARN__DUPLICATE_METHOD_MATCH = YES;
				COPY_PHASE_STRIP = NO;
				DEBUG_INFORMATION_FORMAT = "dwarf-with-dsym";
				ENABLE_NS_ASSERTIONS = NO;
				ENABLE_STRICT_OBJC_MSGSEND = YES;
				GCC_C_LANGUAGE_STANDARD = gnu11;
				GCC_NO_COMMON_BLOCKS = YES;
				GCC_WARN_64_TO_32_BIT_CONVERSION = YES;
				GCC_WARN_ABOUT_RETURN_TYPE = YES_ERROR;
				GCC_WARN_UNDECLARED_SELECTOR = YES;
				GCC_WARN_UNINITIALIZED_AUTOS = YES_AGGRESSIVE;
				GCC_WARN_UNUSED_FUNCTION = YES;
				GCC_WARN_UNUSED_VARIABLE = YES;
				IPHONEOS_DEPLOYMENT_TARGET = 18.0;
				MACOSX_DEPLOYMENT_TARGET = 15.0;
				MTL_ENABLE_DEBUG_INFO = NO;
				MTL_FAST_MATH = YES;
				PRODUCT_NAME = "$(TARGET_NAME)";
				SWIFT_COMPILATION_MODE = wholemodule;
				SWIFT_OPTIMIZATION_LEVEL = "-O";
				SWIFT_VERSION = 5.0;
			};
			name = Release;
		};
		40B5C75D3E4AD4C1EA1DAF2A /* Debug */ = {
			isa = XCBuildConfiguration;
			buildSettings = {
				ASSETCATALOG_COMPILER_APPICON_NAME = AppIcon;
				CODE_SIGN_IDENTITY = "iPhone Developer";
				GENERATE_INFOPLIST_FILE = YES;
				INFOPLIST_KEY_NSMicrophoneUsageDescription = "Voice input transcribes your speech into the message composer.";
				INFOPLIST_KEY_UIApplicationSceneManifest_Generation = YES;
				INFOPLIST_KEY_UILaunchScreen_Generation = YES;
				INFOPLIST_KEY_UISupportedInterfaceOrientations_iPad = "UIInterfaceOrientationPortrait UIInterfaceOrientationPortraitUpsideDown UIInterfaceOrientationLandscapeLeft UIInterfaceOrientationLandscapeRight";
				INFOPLIST_KEY_UISupportedInterfaceOrientations_iPhone = "UIInterfaceOrientationPortrait UIInterfaceOrientationLandscapeLeft UIInterfaceOrientationLandscapeRight";
				LD_RUNPATH_SEARCH_PATHS = (
					"$(inherited)",
					"@executable_path/Frameworks",
				);
				PRODUCT_BUNDLE_IDENTIFIER = "com.manifoldkit.minimal-example";
				PRODUCT_NAME = MinimalExample;
				SDKROOT = iphoneos;
				SWIFT_VERSION = 6.0;
				TARGETED_DEVICE_FAMILY = "1,2";
			};
			name = Debug;
		};
		4D046BC99E227A174EFD5B75 /* Debug */ = {
			isa = XCBuildConfiguration;
			buildSettings = {
				ALWAYS_SEARCH_USER_PATHS = NO;
				CLANG_ANALYZER_NONNULL = YES;
				CLANG_ANALYZER_NUMBER_OBJECT_CONVERSION = YES_AGGRESSIVE;
				CLANG_CXX_LANGUAGE_STANDARD = "gnu++14";
				CLANG_CXX_LIBRARY = "libc++";
				CLANG_ENABLE_MODULES = YES;
				CLANG_ENABLE_OBJC_ARC = YES;
				CLANG_ENABLE_OBJC_WEAK = YES;
				CLANG_WARN_BLOCK_CAPTURE_AUTORELEASING = YES;
				CLANG_WARN_BOOL_CONVERSION = YES;
				CLANG_WARN_COMMA = YES;
				CLANG_WARN_CONSTANT_CONVERSION = YES;
				CLANG_WARN_DEPRECATED_OBJC_IMPLEMENTATIONS = YES;
				CLANG_WARN_DIRECT_OBJC_ISA_USAGE = YES_ERROR;
				CLANG_WARN_DOCUMENTATION_COMMENTS = YES;
				CLANG_WARN_EMPTY_BODY = YES;
				CLANG_WARN_ENUM_CONVERSION = YES;
				CLANG_WARN_INFINITE_RECURSION = YES;
				CLANG_WARN_INT_CONVERSION = YES;
				CLANG_WARN_NON_LITERAL_NULL_CONVERSION = YES;
				CLANG_WARN_OBJC_IMPLICIT_RETAIN_SELF = YES;
				CLANG_WARN_OBJC_LITERAL_CONVERSION = YES;
				CLANG_WARN_OBJC_ROOT_CLASS = YES_ERROR;
				CLANG_WARN_QUOTED_INCLUDE_IN_FRAMEWORK_HEADER = YES;
				CLANG_WARN_RANGE_LOOP_ANALYSIS = YES;
				CLANG_WARN_STRICT_PROTOTYPES = YES;
				CLANG_WARN_SUSPICIOUS_MOVE = YES;
				CLANG_WARN_UNGUARDED_AVAILABILITY = YES_AGGRESSIVE;
				CLANG_WARN_UNREACHABLE_CODE = YES;
				CLANG_WARN__DUPLICATE_METHOD_MATCH = YES;
				COPY_PHASE_STRIP = NO;
				DEBUG_INFORMATION_FORMAT = dwarf;
				ENABLE_STRICT_OBJC_MSGSEND = YES;
				ENABLE_TESTABILITY = YES;
				GCC_C_LANGUAGE_STANDARD = gnu11;
				GCC_DYNAMIC_NO_PIC = NO;
				GCC_NO_COMMON_BLOCKS = YES;
				GCC_OPTIMIZATION_LEVEL = 0;
				GCC_PREPROCESSOR_DEFINITIONS = (
					"$(inherited)",
					"DEBUG=1",
				);
				GCC_WARN_64_TO_32_BIT_CONVERSION = YES;
				GCC_WARN_ABOUT_RETURN_TYPE = YES_ERROR;
				GCC_WARN_UNDECLARED_SELECTOR = YES;
				GCC_WARN_UNINITIALIZED_AUTOS = YES_AGGRESSIVE;
				GCC_WARN_UNUSED_FUNCTION = YES;
				GCC_WARN_UNUSED_VARIABLE = YES;
				IPHONEOS_DEPLOYMENT_TARGET = 18.0;
				MACOSX_DEPLOYMENT_TARGET = 15.0;
				MTL_ENABLE_DEBUG_INFO = INCLUDE_SOURCE;
				MTL_FAST_MATH = YES;
				ONLY_ACTIVE_ARCH = YES;
				PRODUCT_NAME = "$(TARGET_NAME)";
				SWIFT_ACTIVE_COMPILATION_CONDITIONS = DEBUG;
				SWIFT_OPTIMIZATION_LEVEL = "-Onone";
				SWIFT_VERSION = 5.0;
			};
			name = Debug;
		};
		75212E6BAD8EF8678F02CDC2 /* Debug */ = {
			isa = XCBuildConfiguration;
			buildSettings = {
				ASSETCATALOG_COMPILER_APPICON_NAME = AppIcon;
				COMBINE_HIDPI_IMAGES = YES;
				GENERATE_INFOPLIST_FILE = YES;
				INFOPLIST_KEY_NSMicrophoneUsageDescription = "Voice input transcribes your speech into the message composer.";
				LD_RUNPATH_SEARCH_PATHS = (
					"$(inherited)",
					"@executable_path/../Frameworks",
				);
				PRODUCT_BUNDLE_IDENTIFIER = "com.manifoldkit.local-inference-example-mlx";
				SDKROOT = macosx;
				SWIFT_VERSION = 6.0;
			};
			name = Debug;
		};
		837E734BBC5E58786101A4EE /* Debug */ = {
			isa = XCBuildConfiguration;
			buildSettings = {
				ASSETCATALOG_COMPILER_APPICON_NAME = AppIcon;
				COMBINE_HIDPI_IMAGES = YES;
				GENERATE_INFOPLIST_FILE = YES;
				INFOPLIST_KEY_NSMicrophoneUsageDescription = "Voice input transcribes your speech into the message composer.";
				LD_RUNPATH_SEARCH_PATHS = (
					"$(inherited)",
					"@executable_path/../Frameworks",
				);
				PRODUCT_BUNDLE_IDENTIFIER = "com.manifoldkit.local-inference-example-llama";
				SDKROOT = macosx;
				SWIFT_VERSION = 6.0;
			};
			name = Debug;
		};
		8CCD1B3F62FD3BC970CBBB24 /* Release */ = {
			isa = XCBuildConfiguration;
			buildSettings = {
				ASSETCATALOG_COMPILER_APPICON_NAME = AppIcon;
				COMBINE_HIDPI_IMAGES = YES;
				GENERATE_INFOPLIST_FILE = YES;
				INFOPLIST_KEY_NSMicrophoneUsageDescription = "Voice input transcribes your speech into the message composer.";
				INFOPLIST_KEY_UIApplicationSceneManifest_Generation = YES;
				INFOPLIST_KEY_UILaunchScreen_Generation = YES;
				INFOPLIST_KEY_UISupportedInterfaceOrientations_iPad = "UIInterfaceOrientationPortrait UIInterfaceOrientationPortraitUpsideDown UIInterfaceOrientationLandscapeLeft UIInterfaceOrientationLandscapeRight";
				INFOPLIST_KEY_UISupportedInterfaceOrientations_iPhone = "UIInterfaceOrientationPortrait UIInterfaceOrientationLandscapeLeft UIInterfaceOrientationLandscapeRight";
				LD_RUNPATH_SEARCH_PATHS = (
					"$(inherited)",
					"@executable_path/../Frameworks",
				);
				PRODUCT_BUNDLE_IDENTIFIER = "com.manifoldkit.minimal-example";
				PRODUCT_NAME = MinimalExample;
				SDKROOT = macosx;
				SWIFT_VERSION = 6.0;
			};
			name = Release;
		};
		8E2DEEA8BD5AE65722E1BD19 /* Release */ = {
			isa = XCBuildConfiguration;
			buildSettings = {
				ASSETCATALOG_COMPILER_APPICON_NAME = AppIcon;
				COMBINE_HIDPI_IMAGES = YES;
				GENERATE_INFOPLIST_FILE = YES;
				INFOPLIST_KEY_NSMicrophoneUsageDescription = "Voice input transcribes your speech into the message composer.";
				LD_RUNPATH_SEARCH_PATHS = (
					"$(inherited)",
					"@executable_path/../Frameworks",
				);
				PRODUCT_BUNDLE_IDENTIFIER = "com.manifoldkit.local-inference-example-mlx";
				SDKROOT = macosx;
				SWIFT_VERSION = 6.0;
			};
			name = Release;
		};
		96C06021773C98501BD89FC9 /* Debug */ = {
			isa = XCBuildConfiguration;
			buildSettings = {
				ASSETCATALOG_COMPILER_APPICON_NAME = AppIcon;
				COMBINE_HIDPI_IMAGES = YES;
				GENERATE_INFOPLIST_FILE = YES;
				INFOPLIST_KEY_NSMicrophoneUsageDescription = "Voice input transcribes your speech into the message composer.";
				INFOPLIST_KEY_UIApplicationSceneManifest_Generation = YES;
				INFOPLIST_KEY_UILaunchScreen_Generation = YES;
				INFOPLIST_KEY_UISupportedInterfaceOrientations_iPad = "UIInterfaceOrientationPortrait UIInterfaceOrientationPortraitUpsideDown UIInterfaceOrientationLandscapeLeft UIInterfaceOrientationLandscapeRight";
				INFOPLIST_KEY_UISupportedInterfaceOrientations_iPhone = "UIInterfaceOrientationPortrait UIInterfaceOrientationLandscapeLeft UIInterfaceOrientationLandscapeRight";
				LD_RUNPATH_SEARCH_PATHS = (
					"$(inherited)",
					"@executable_path/../Frameworks",
				);
				PRODUCT_BUNDLE_IDENTIFIER = "com.manifoldkit.minimal-example";
				PRODUCT_NAME = MinimalExample;
				SDKROOT = macosx;
				SWIFT_VERSION = 6.0;
			};
			name = Debug;
		};
		AAA9FDFAB127D71B7988212F /* Release */ = {
			isa = XCBuildConfiguration;
			buildSettings = {
				ASSETCATALOG_COMPILER_APPICON_NAME = AppIcon;
				CODE_SIGN_IDENTITY = "iPhone Developer";
				GENERATE_INFOPLIST_FILE = YES;
				INFOPLIST_KEY_NSMicrophoneUsageDescription = "Voice input transcribes your speech into the message composer.";
				INFOPLIST_KEY_UIApplicationSceneManifest_Generation = YES;
				INFOPLIST_KEY_UILaunchScreen_Generation = YES;
				INFOPLIST_KEY_UISupportedInterfaceOrientations_iPad = "UIInterfaceOrientationPortrait UIInterfaceOrientationPortraitUpsideDown UIInterfaceOrientationLandscapeLeft UIInterfaceOrientationLandscapeRight";
				INFOPLIST_KEY_UISupportedInterfaceOrientations_iPhone = "UIInterfaceOrientationPortrait UIInterfaceOrientationLandscapeLeft UIInterfaceOrientationLandscapeRight";
				LD_RUNPATH_SEARCH_PATHS = (
					"$(inherited)",
					"@executable_path/Frameworks",
				);
				PRODUCT_BUNDLE_IDENTIFIER = "com.manifoldkit.minimal-example";
				PRODUCT_NAME = MinimalExample;
				SDKROOT = iphoneos;
				SWIFT_VERSION = 6.0;
				TARGETED_DEVICE_FAMILY = "1,2";
			};
			name = Release;
		};
		FCBBE3E63C0FE3352B6A4312 /* Release */ = {
			isa = XCBuildConfiguration;
			buildSettings = {
				ASSETCATALOG_COMPILER_APPICON_NAME = AppIcon;
				COMBINE_HIDPI_IMAGES = YES;
				GENERATE_INFOPLIST_FILE = YES;
				INFOPLIST_KEY_NSMicrophoneUsageDescription = "Voice input transcribes your speech into the message composer.";
				LD_RUNPATH_SEARCH_PATHS = (
					"$(inherited)",
					"@executable_path/../Frameworks",
				);
				PRODUCT_BUNDLE_IDENTIFIER = "com.manifoldkit.local-inference-example-llama";
				SDKROOT = macosx;
				SWIFT_VERSION = 6.0;
			};
			name = Release;
		};
/* End XCBuildConfiguration section */

/* Begin XCConfigurationList section */
		64DE611EB8F7EBB77610277B /* Build configuration list for PBXNativeTarget "MinimalExample_macOS" */ = {
			isa = XCConfigurationList;
			buildConfigurations = (
				96C06021773C98501BD89FC9 /* Debug */,
				8CCD1B3F62FD3BC970CBBB24 /* Release */,
			);
			defaultConfigurationIsVisible = 0;
			defaultConfigurationName = Debug;
		};
		67AD25F81204ED003D86687F /* Build configuration list for PBXNativeTarget "MinimalExample_iOS" */ = {
			isa = XCConfigurationList;
			buildConfigurations = (
				40B5C75D3E4AD4C1EA1DAF2A /* Debug */,
				AAA9FDFAB127D71B7988212F /* Release */,
			);
			defaultConfigurationIsVisible = 0;
			defaultConfigurationName = Debug;
		};
		6EEC8CD28E7AB61265B5D3B9 /* Build configuration list for PBXNativeTarget "LocalInferenceExample_MLX" */ = {
			isa = XCConfigurationList;
			buildConfigurations = (
				75212E6BAD8EF8678F02CDC2 /* Debug */,
				8E2DEEA8BD5AE65722E1BD19 /* Release */,
			);
			defaultConfigurationIsVisible = 0;
			defaultConfigurationName = Debug;
		};
		C77A64B9EB406302466CC887 /* Build configuration list for PBXNativeTarget "LocalInferenceExample_Llama" */ = {
			isa = XCConfigurationList;
			buildConfigurations = (
				837E734BBC5E58786101A4EE /* Debug */,
				FCBBE3E63C0FE3352B6A4312 /* Release */,
			);
			defaultConfigurationIsVisible = 0;
			defaultConfigurationName = Debug;
		};
		D6FF3C6A4FAB5642753D744A /* Build configuration list for PBXProject "ManifoldExamples" */ = {
			isa = XCConfigurationList;
			buildConfigurations = (
				4D046BC99E227A174EFD5B75 /* Debug */,
				32A1B0688AF9706DCB954677 /* Release */,
			);
			defaultConfigurationIsVisible = 0;
			defaultConfigurationName = Debug;
		};
/* End XCConfigurationList section */

/* Begin XCLocalSwiftPackageReference section */
		797C86244F6EAD8395524C47 /* XCLocalSwiftPackageReference "ManifoldKit" */ = {
			isa = XCLocalSwiftPackageReference;
			relativePath = ManifoldKit;
		};
/* End XCLocalSwiftPackageReference section */

/* Begin XCRemoteSwiftPackageReference section */
		66FB6CFCBD7FD0DC21E7CDE2 /* XCRemoteSwiftPackageReference "manifold-mlx" */ = {
			isa = XCRemoteSwiftPackageReference;
			repositoryURL = "https://github.com/ManifoldKit/manifold-mlx";
			requirement = {
				kind = upToNextMinorVersion;
				minimumVersion = 0.5.0;
			};
		};
		B1F9331173128ABA84FABC84 /* XCRemoteSwiftPackageReference "manifold-llama" */ = {
			isa = XCRemoteSwiftPackageReference;
			repositoryURL = "https://github.com/ManifoldKit/manifold-llama";
			requirement = {
				kind = upToNextMinorVersion;
				minimumVersion = 0.4.3;
			};
		};
/* End XCRemoteSwiftPackageReference section */

/* Begin XCSwiftPackageProductDependency section */
		07C9B8F142E9995C1EF08253 /* ManifoldKit */ = {
			isa = XCSwiftPackageProductDependency;
			productName = ManifoldKit;
		};
		296DE89C73F58634AB1F14F0 /* ManifoldKit */ = {
			isa = XCSwiftPackageProductDependency;
			productName = ManifoldKit;
		};
		2DE637627C247348B85251CE /* ManifoldKit */ = {
			isa = XCSwiftPackageProductDependency;
			productName = ManifoldKit;
		};
		6786E6F525BE27104AF55B65 /* ManifoldMLX */ = {
			isa = XCSwiftPackageProductDependency;
			package = 66FB6CFCBD7FD0DC21E7CDE2 /* XCRemoteSwiftPackageReference "manifold-mlx" */;
			productName = ManifoldMLX;
		};
		6C1F61587777E2E027258989 /* ManifoldUI */ = {
			isa = XCSwiftPackageProductDependency;
			productName = ManifoldUI;
		};
		6CECC027D599FFC52C710341 /* ManifoldKit */ = {
			isa = XCSwiftPackageProductDependency;
			productName = ManifoldKit;
		};
		AE5931EA7BDD8C733B72570D /* ManifoldLlama */ = {
			isa = XCSwiftPackageProductDependency;
			package = B1F9331173128ABA84FABC84 /* XCRemoteSwiftPackageReference "manifold-llama" */;
			productName = ManifoldLlama;
		};
		B2AC4DF189F96757A85D15A9 /* ManifoldUI */ = {
			isa = XCSwiftPackageProductDependency;
			productName = ManifoldUI;
		};
/* End XCSwiftPackageProductDependency section */
	};
	rootObject = 29EA20DB9507A059E8E168CF /* Project object */;
}
